
Microsoft Visual Studio Solution File, Format Version 12.00
# Visual Studio 2012
Project("{2150E333-8FDC-42A3-9474-1A3956D46DE8}") = "Solution Items", "Solution Items", "{3A0F589A-1CB9-41D3-A13C-A6DA561B703A}"
	ProjectSection(SolutionItems) = preProject
		public\index.html = public\index.html
		src\App.fsx = src\App.fsx
		src\CoreTest.fsx = src\CoreTest.fsx
	EndProjectSection
EndProject
Project("{2150E333-8FDC-42A3-9474-1A3956D46DE8}") = "core", "core", "{9908BA9D-B0C7-49CF-9E81-F522FE710BE5}"
	ProjectSection(SolutionItems) = preProject
		src\core\Base.fsx = src\core\Base.fsx
		src\core\Bootstrap.fsx = src\core\Bootstrap.fsx
		src\core\EditBox.fsx = src\core\EditBox.fsx
		src\core\Modal.fsx = src\core\Modal.fsx
		src\core\Navbar.fsx = src\core\Navbar.fsx
		src\core\SimpleEditor.fsx = src\core\SimpleEditor.fsx
		src\core\Slider.fsx = src\core\Slider.fsx
		src\core\Socket.fsx = src\core\Socket.fsx
		src\core\Table.fsx = src\core\Table.fsx
		src\core\Types.fsx = src\core\Types.fsx
		src\core\Util.fsx = src\core\Util.fsx
		src\core\UtilPages.fsx = src\core\UtilPages.fsx
		src\core\Chart.fsx = src\core\Chart.fsx
		src\core\Knob.fsx = src\core\Knob.fsx
		src\core\Knobs.fsx = src\core\Knobs.fsx
		src\core\ClockTypes.fsx = src\core\ClockTypes.fsx
		src\core\DataflowTypes.fsx = src\core\DataflowTypes.fsx
	EndProjectSection
EndProject
Project("{2150E333-8FDC-42A3-9474-1A3956D46DE8}") = "patcher", "patcher", "{A551274F-F429-4609-8632-493AB759C119}"
	ProjectSection(SolutionItems) = preProject
		src\patcher\NewPatch.fsx = src\patcher\NewPatch.fsx
		src\patcher\PatchEdit.fsx = src\patcher\PatchEdit.fsx
		src\patcher\Patcher.fsx = src\patcher\Patcher.fsx
		src\patcher\PatchTypes.fsx = src\patcher\PatchTypes.fsx
		src\patcher\Universes.fsx = src\patcher\Universes.fsx
	EndProjectSection
EndProject
Global
	GlobalSection(SolutionConfigurationPlatforms) = preSolution
	EndGlobalSection
	GlobalSection(ProjectConfigurationPlatforms) = postSolution
	EndGlobalSection
EndGlobal
