
Microsoft Visual Studio Solution File, Format Version 12.00
# Visual Studio 2012
Project("{2150E333-8FDC-42A3-9474-1A3956D46DE8}") = "Solution Items", "Solution Items", "{3A0F589A-1CB9-41D3-A13C-A6DA561B703A}"
	ProjectSection(SolutionItems) = preProject
		src\App.fsx = src\App.fsx
		public\index.html = public\index.html
		src\PatchEdit.fsx = src\PatchEdit.fsx
		src\NewPatch.fsx = src\NewPatch.fsx
		src\Types.fsx = src\Types.fsx
		src\Bootstrap.fsx = src\Bootstrap.fsx
		src\EditBox.fsx = src\EditBox.fsx
		src\Util.fsx = src\Util.fsx
		src\Modal.fsx = src\Modal.fsx
		src\Socket.fsx = src\Socket.fsx
		src\WigglesBase.fsx = src\WigglesBase.fsx
		src\Navbar.fsx = src\Navbar.fsx
		src\Patcher.fsx = src\Patcher.fsx
	EndProjectSection
EndProject
Global
	GlobalSection(SolutionConfigurationPlatforms) = preSolution
	EndGlobalSection
	GlobalSection(ProjectConfigurationPlatforms) = postSolution
	EndGlobalSection
EndGlobal
